
Microsoft Visual Studio Solution File, Format Version 11.00
# Visual Studio 2010
Project("{FAE04EC0-301F-11D3-BF4B-00C04F79EFBC}") = "TesteGit", "TesteGit\TesteGit.csproj", "{C5501F18-C7BA-421B-A525-D5FCBECBB517}"
EndProject
Global
	GlobalSection(SolutionConfigurationPlatforms) = preSolution
		Debug|Any CPU = Debug|Any CPU
		Release|Any CPU = Release|Any CPU
	EndGlobalSection
	GlobalSection(ProjectConfigurationPlatforms) = postSolution
		{C5501F18-C7BA-421B-A525-D5FCBECBB517}.Debug|Any CPU.ActiveCfg = Debug|Any CPU
		{C5501F18-C7BA-421B-A525-D5FCBECBB517}.Debug|Any CPU.Build.0 = Debug|Any CPU
		{C5501F18-C7BA-421B-A525-D5FCBECBB517}.Release|Any CPU.ActiveCfg = Release|Any CPU
		{C5501F18-C7BA-421B-A525-D5FCBECBB517}.Release|Any CPU.Build.0 = Release|Any CPU
	EndGlobalSection
	GlobalSection(SolutionProperties) = preSolution
		HideSolutionNode = FALSE
	EndGlobalSection
EndGlobal
